
Microsoft Visual Studio Solution File, Format Version 12.00
# Visual Studio 15
VisualStudioVersion = 15.0.27130.2026
MinimumVisualStudioVersion = 10.0.40219.1
Project("{FAE04EC0-301F-11D3-BF4B-00C04F79EFBC}") = "Classico Mineiro", "Classico Mineiro\Classico Mineiro.csproj", "{3DAD6500-E9AE-40A4-9A23-657F427C2C50}"
EndProject
Global
	GlobalSection(SolutionConfigurationPlatforms) = preSolution
		Debug|Any CPU = Debug|Any CPU
		Release|Any CPU = Release|Any CPU
	EndGlobalSection
	GlobalSection(ProjectConfigurationPlatforms) = postSolution
		{3DAD6500-E9AE-40A4-9A23-657F427C2C50}.Debug|Any CPU.ActiveCfg = Debug|Any CPU
		{3DAD6500-E9AE-40A4-9A23-657F427C2C50}.Debug|Any CPU.Build.0 = Debug|Any CPU
		{3DAD6500-E9AE-40A4-9A23-657F427C2C50}.Release|Any CPU.ActiveCfg = Release|Any CPU
		{3DAD6500-E9AE-40A4-9A23-657F427C2C50}.Release|Any CPU.Build.0 = Release|Any CPU
	EndGlobalSection
	GlobalSection(SolutionProperties) = preSolution
		HideSolutionNode = FALSE
	EndGlobalSection
	GlobalSection(ExtensibilityGlobals) = postSolution
		SolutionGuid = {6A03A109-A1F5-40A8-9F91-38245BCA0419}
	EndGlobalSection
EndGlobal
